
Microsoft Visual Studio Solution File, Format Version 12.00
# Visual Studio 15
VisualStudioVersion = 15.0.27428.2015
MinimumVisualStudioVersion = 10.0.40219.1
Project("{FAE04EC0-301F-11D3-BF4B-00C04F79EFBC}") = "SeleniumTests", "SeleniumTests\SeleniumTests.csproj", "{7EE30D67-1BCA-4083-A5B5-B30340FAB14B}"
EndProject
Global
	GlobalSection(SolutionConfigurationPlatforms) = preSolution
		Debug|Any CPU = Debug|Any CPU
		Release|Any CPU = Release|Any CPU
	EndGlobalSection
	GlobalSection(ProjectConfigurationPlatforms) = postSolution
		{7EE30D67-1BCA-4083-A5B5-B30340FAB14B}.Debug|Any CPU.ActiveCfg = Debug|Any CPU
		{7EE30D67-1BCA-4083-A5B5-B30340FAB14B}.Debug|Any CPU.Build.0 = Debug|Any CPU
		{7EE30D67-1BCA-4083-A5B5-B30340FAB14B}.Release|Any CPU.ActiveCfg = Release|Any CPU
		{7EE30D67-1BCA-4083-A5B5-B30340FAB14B}.Release|Any CPU.Build.0 = Release|Any CPU
	EndGlobalSection
	GlobalSection(SolutionProperties) = preSolution
		HideSolutionNode = FALSE
	EndGlobalSection
	GlobalSection(ExtensibilityGlobals) = postSolution
		SolutionGuid = {B4AFAF11-B650-4940-A1BC-28EFB0AB65A6}
	EndGlobalSection
EndGlobal
